// !$*UTF8*$!
{
	archiveVersion = 1;
	classes = {
	};
	objectVersion = 46;
	objects = {

/* Begin PBXBuildFile section */
		DF5036031E2D82B8006C60C7 /* AppDelegate.swift in Sources */ = {isa = PBXBuildFile; fileRef = DF5036021E2D82B8006C60C7 /* AppDelegate.swift */; };
		DF5036051E2D82B8006C60C7 /* ViewController.swift in Sources */ = {isa = PBXBuildFile; fileRef = DF5036041E2D82B8006C60C7 /* ViewController.swift */; };
		DF5036081E2D82B8006C60C7 /* Main.storyboard in Resources */ = {isa = PBXBuildFile; fileRef = DF5036061E2D82B8006C60C7 /* Main.storyboard */; };
		DF50360A1E2D82B9006C60C7 /* Assets.xcassets in Resources */ = {isa = PBXBuildFile; fileRef = DF5036091E2D82B9006C60C7 /* Assets.xcassets */; };
		DF50360D1E2D82B9006C60C7 /* LaunchScreen.storyboard in Resources */ = {isa = PBXBuildFile; fileRef = DF50360B1E2D82B9006C60C7 /* LaunchScreen.storyboard */; };
/* End PBXBuildFile section */

/* Begin PBXFileReference section */
		DF5035FF1E2D82B8006C60C7 /* SpeechApp.app */ = {isa = PBXFileReference; explicitFileType = wrapper.application; includeInIndex = 0; path = SpeechApp.app; sourceTree = BUILT_PRODUCTS_DIR; };
		DF5036021E2D82B8006C60C7 /* AppDelegate.swift */ = {isa = PBXFileReference; lastKnownFileType = sourcecode.swift; path = AppDelegate.swift; sourceTree = "<group>"; };
		DF5036041E2D82B8006C60C7 /* ViewController.swift */ = {isa = PBXFileReference; lastKnownFileType = sourcecode.swift; path = ViewController.swift; sourceTree = "<group>"; };
		DF5036071E2D82B8006C60C7 /* Base */ = {isa = PBXFileReference; lastKnownFileType = file.storyboard; name = Base; path = Base.lproj/Main.storyboard; sourceTree = "<group>"; };
		DF5036091E2D82B9006C60C7 /* Assets.xcassets */ = {isa = PBXFileReference; lastKnownFileType = folder.assetcatalog; path = Assets.xcassets; sourceTree = "<group>"; };
		DF50360C1E2D82B9006C60C7 /* Base */ = {isa = PBXFileReference; lastKnownFileType = file.storyboard; name = Base; path = Base.lproj/LaunchScreen.storyboard; sourceTree = "<group>"; };
		DF50360E1E2D82B9006C60C7 /* Info.plist */ = {isa = PBXFileReference; lastKnownFileType = text.plist.xml; path = Info.plist; sourceTree = "<group>"; };
/* End PBXFileReference section */

/* Begin PBXFrameworksBuildPhase section */
		DF5035FC1E2D82B8006C60C7 /* Frameworks */ = {
			isa = PBXFrameworksBuildPhase;
			buildActionMask = 2147483647;
			files = (
			);
			runOnlyForDeploymentPostprocessing = 0;
		};
/* End PBXFrameworksBuildPhase section */

/* Begin PBXGroup section */
		DF5035F61E2D82B8006C60C7 = {
			isa = PBXGroup;
			children = (
				DF5036011E2D82B8006C60C7 /* SpeechApp */,
				DF5036001E2D82B8006C60C7 /* Products */,
			);
			sourceTree = "<group>";
		};
		DF5036001E2D82B8006C60C7 /* Products */ = {
			isa = PBXGroup;
			children = (
				DF5035FF1E2D82B8006C60C7 /* SpeechApp.app */,
			);
			name = Products;
			sourceTree = "<group>";
		};
		DF5036011E2D82B8006C60C7 /* SpeechApp */ = {
			isa = PBXGroup;
			children = (
				DF5036021E2D82B8006C60C7 /* AppDelegate.swift */,
				DF5036041E2D82B8006C60C7 /* ViewController.swift */,
				DF5036061E2D82B8006C60C7 /* Main.storyboard */,
				DF5036091E2D82B9006C60C7 /* Assets.xcassets */,
				DF50360B1E2D82B9006C60C7 /* LaunchScreen.storyboard */,
				DF50360E1E2D82B9006C60C7 /* Info.plist */,
			);
			path = SpeechApp;
			sourceTree = "<group>";
		};
/* End PBXGroup section */

/* Begin PBXNativeTarget section */
		DF5035FE1E2D82B8006C60C7 /* SpeechApp */ = {
			isa = PBXNativeTarget;
			buildConfigurationList = DF5036111E2D82B9006C60C7 /* Build configuration list for PBXNativeTarget "SpeechApp" */;
			buildPhases = (
				DF5035FB1E2D82B8006C60C7 /* Sources */,
				DF5035FC1E2D82B8006C60C7 /* Frameworks */,
				DF5035FD1E2D82B8006C60C7 /* Resources */,
			);
			buildRules = (
			);
			dependencies = (
			);
			name = SpeechApp;
			productName = SpeechApp;
			productReference = DF5035FF1E2D82B8006C60C7 /* SpeechApp.app */;
			productType = "com.apple.product-type.application";
		};
/* End PBXNativeTarget section */

/* Begin PBXProject section */
		DF5035F71E2D82B8006C60C7 /* Project object */ = {
			isa = PBXProject;
			attributes = {
				LastSwiftUpdateCheck = 0810;
				LastUpgradeCheck = 0810;
				ORGANIZATIONNAME = "Deivi Taka";
				TargetAttributes = {
					DF5035FE1E2D82B8006C60C7 = {
						CreatedOnToolsVersion = 8.1;
						DevelopmentTeam = 69BW6W5SGB;
						ProvisioningStyle = Automatic;
					};
				};
			};
			buildConfigurationList = DF5035FA1E2D82B8006C60C7 /* Build configuration list for PBXProject "SpeechApp" */;
			compatibilityVersion = "Xcode 3.2";
			developmentRegion = English;
			hasScannedForEncodings = 0;
			knownRegions = (
				en,
				Base,
			);
			mainGroup = DF5035F61E2D82B8006C60C7;
			productRefGroup = DF5036001E2D82B8006C60C7 /* Products */;
			projectDirPath = "";
			projectRoot = "";
			targets = (
				DF5035FE1E2D82B8006C60C7 /* SpeechApp */,
			);
		};
/* End PBXProject section */

/* Begin PBXResourcesBuildPhase section */
		DF5035FD1E2D82B8006C60C7 /* Resources */ = {
			isa = PBXResourcesBuildPhase;
			buildActionMask = 2147483647;
			files = (
				DF50360D1E2D82B9006C60C7 /* LaunchScreen.storyboard in Resources */,
				DF50360A1E2D82B9006C60C7 /* Assets.xcassets in Resources */,
				DF5036081E2D82B8006C60C7 /* Main.storyboard in Resources */,
			);
			runOnlyForDeploymentPostprocessing = 0;
		};
/* End PBXResourcesBuildPhase section */

/* Begin PBXSourcesBuildPhase section */
		DF5035FB1E2D82B8006C60C7 /* Sources */ = {
			isa = PBXSourcesBuildPhase;
			buildActionMask = 2147483647;
			files = (
				DF5036051E2D82B8006C60C7 /* ViewController.swift in Sources */,
				DF5036031E2D82B8006C60C7 /* AppDelegate.swift in Sources */,
			);
			runOnlyForDeploymentPostprocessing = 0;
		};
/* End PBXSourcesBuildPhase section */

/* Begin PBXVariantGroup section */
		DF5036061E2D82B8006C60C7 /* Main.storyboard */ = {
			isa = PBXVariantGroup;
			children = (
				DF5036071E2D82B8006C60C7 /* Base */,
			);
			name = Main.storyboard;
			sourceTree = "<group>";
		};
		DF50360B1E2D82B9006C60C7 /* LaunchScreen.storyboard */ = {
			isa = PBXVariantGroup;
			children = (
				DF50360C1E2D82B9006C60C7 /* Base */,
			);
			name = LaunchScreen.storyboard;
			sourceTree = "<group>";
		};
/* End PBXVariantGroup section */

/* Begin XCBuildConfiguration section */
		DF50360F1E2D82B9006C60C7 /* Debug */ = {
			isa = XCBuildConfiguration;
			buildSettings = {
				ALWAYS_SEARCH_USER_PATHS = NO;
				CLANG_ANALYZER_NONNULL = YES;
				CLANG_CXX_LANGUAGE_STANDARD = "gnu++0x";
				CLANG_CXX_LIBRARY = "libc++";
				CLANG_ENABLE_MODULES = YES;
				CLANG_ENABLE_OBJC_ARC = YES;
				CLANG_WARN_BOOL_CONVERSION = YES;
				CLANG_WARN_CONSTANT_CONVERSION = YES;
				CLANG_WARN_DIRECT_OBJC_ISA_USAGE = YES_ERROR;
				CLANG_WARN_DOCUMENTATION_COMMENTS = YES;
				CLANG_WARN_EMPTY_BODY = YES;
				CLANG_WARN_ENUM_CONVERSION = YES;
				CLANG_WARN_INFINITE_RECURSION = YES;
				CLANG_WARN_INT_CONVERSION = YES;
				CLANG_WARN_OBJC_ROOT_CLASS = YES_ERROR;
				CLANG_WARN_SUSPICIOUS_MOVES = YES;
				CLANG_WARN_UNREACHABLE_CODE = YES;
				CLANG_WARN__DUPLICATE_METHOD_MATCH = YES;
				"CODE_SIGN_IDENTITY[sdk=iphoneos*]" = "iPhone Developer";
				COPY_PHASE_STRIP = NO;
				DEBUG_INFORMATION_FORMAT = dwarf;
				ENABLE_STRICT_OBJC_MSGSEND = YES;
				ENABLE_TESTABILITY = YES;
				GCC_C_LANGUAGE_STANDARD = gnu99;
				GCC_DYNAMIC_NO_PIC = NO;
				GCC_NO_COMMON_BLOCKS = YES;
				GCC_OPTIMIZATION_LEVEL = 0;
				GCC_PREPROCESSOR_DEFINITIONS = (
					"DEBUG=1",
					"$(inherited)",
				);
				GCC_WARN_64_TO_32_BIT_CONVERSION = YES;
				GCC_WARN_ABOUT_RETURN_TYPE = YES_ERROR;
				GCC_WARN_UNDECLARED_SELECTOR = YES;
				GCC_WARN_UNINITIALIZED_AUTOS = YES_AGGRESSIVE;
				GCC_WARN_UNUSED_FUNCTION = YES;
				GCC_WARN_UNUSED_VARIABLE = YES;
				IPHONEOS_DEPLOYMENT_TARGET = 10.1;
				MTL_ENABLE_DEBUG_INFO = YES;
				ONLY_ACTIVE_ARCH = YES;
				SDKROOT = iphoneos;
				SWIFT_ACTIVE_COMPILATION_CONDITIONS = DEBUG;
				SWIFT_OPTIMIZATION_LEVEL = "-Onone";
			};
			name = Debug;
		};
		DF5036101E2D82B9006C60C7 /* Release */ = {
			isa = XCBuildConfiguration;
			buildSettings = {
				ALWAYS_SEARCH_USER_PATHS = NO;
				CLANG_ANALYZER_NONNULL = YES;
				CLANG_CXX_LANGUAGE_STANDARD = "gnu++0x";
				CLANG_CXX_LIBRARY = "libc++";
				CLANG_ENABLE_MODULES = YES;
				CLANG_ENABLE_OBJC_ARC = YES;
				CLANG_WARN_BOOL_CONVERSION = YES;
				CLANG_WARN_CONSTANT_CONVERSION = YES;
				CLANG_WARN_DIRECT_OBJC_ISA_USAGE = YES_ERROR;
				CLANG_WARN_DOCUMENTATION_COMMENTS = YES;
				CLANG_WARN_EMPTY_BODY = YES;
				CLANG_WARN_ENUM_CONVERSION = YES;
				CLANG_WARN_INFINITE_RECURSION = YES;
				CLANG_WARN_INT_CONVERSION = YES;
				CLANG_WARN_OBJC_ROOT_CLASS = YES_ERROR;
				CLANG_WARN_SUSPICIOUS_MOVES = YES;
				CLANG_WARN_UNREACHABLE_CODE = YES;
				CLANG_WARN__DUPLICATE_METHOD_MATCH = YES;
				"CODE_SIGN_IDENTITY[sdk=iphoneos*]" = "iPhone Developer";
				COPY_PHASE_STRIP = NO;
				DEBUG_INFORMATION_FORMAT = "dwarf-with-dsym";
				ENABLE_NS_ASSERTIONS = NO;
				ENABLE_STRICT_OBJC_MSGSEND = YES;
				GCC_C_LANGUAGE_STANDARD = gnu99;
				GCC_NO_COMMON_BLOCKS = YES;
				GCC_WARN_64_TO_32_BIT_CONVERSION = YES;
				GCC_WARN_ABOUT_RETURN_TYPE = YES_ERROR;
				GCC_WARN_UNDECLARED_SELECTOR = YES;
				GCC_WARN_UNINITIALIZED_AUTOS = YES_AGGRESSIVE;
				GCC_WARN_UNUSED_FUNCTION = YES;
				GCC_WARN_UNUSED_VARIABLE = YES;
				IPHONEOS_DEPLOYMENT_TARGET = 10.1;
				MTL_ENABLE_DEBUG_INFO = NO;
				SDKROOT = iphoneos;
				SWIFT_OPTIMIZATION_LEVEL = "-Owholemodule";
				VALIDATE_PRODUCT = YES;
			};
			name = Release;
		};
		DF5036121E2D82B9006C60C7 /* Debug */ = {
			isa = XCBuildConfiguration;
			buildSettings = {
				ASSETCATALOG_COMPILER_APPICON_NAME = AppIcon;
				DEVELOPMENT_TEAM = 69BW6W5SGB;
				INFOPLIST_FILE = SpeechApp/Info.plist;
				LD_RUNPATH_SEARCH_PATHS = "$(inherited) @executable_path/Frameworks";
				PRODUCT_BUNDLE_IDENTIFIER = com.deivitaka.SpeechApp;
				PRODUCT_NAME = "$(TARGET_NAME)";
				SWIFT_VERSION = 3.0;
			};
			name = Debug;
		};
		DF5036131E2D82B9006C60C7 /* Release */ = {
			isa = XCBuildConfiguration;
			buildSettings = {
				ASSETCATALOG_COMPILER_APPICON_NAME = AppIcon;
				DEVELOPMENT_TEAM = 69BW6W5SGB;
				INFOPLIST_FILE = SpeechApp/Info.plist;
				LD_RUNPATH_SEARCH_PATHS = "$(inherited) @executable_path/Frameworks";
				PRODUCT_BUNDLE_IDENTIFIER = com.deivitaka.SpeechApp;
				PRODUCT_NAME = "$(TARGET_NAME)";
				SWIFT_VERSION = 3.0;
			};
			name = Release;
		};
/* End XCBuildConfiguration section */

/* Begin XCConfigurationList section */
		DF5035FA1E2D82B8006C60C7 /* Build configuration list for PBXProject "SpeechApp" */ = {
			isa = XCConfigurationList;
			buildConfigurations = (
				DF50360F1E2D82B9006C60C7 /* Debug */,
				DF5036101E2D82B9006C60C7 /* Release */,
			);
			defaultConfigurationIsVisible = 0;
			defaultConfigurationName = Release;
		};
		DF5036111E2D82B9006C60C7 /* Build configuration list for PBXNativeTarget "SpeechApp" */ = {
			isa = XCConfigurationList;
			buildConfigurations = (
				DF5036121E2D82B9006C60C7 /* Debug */,
				DF5036131E2D82B9006C60C7 /* Release */,
			);
			defaultConfigurationIsVisible = 0;
		};
/* End XCConfigurationList section */
	};
	rootObject = DF5035F71E2D82B8006C60C7 /* Project object */;
}
